{
    "version": 3,
    "terraform_version": "0.9.9",
    "serial": 1,
    "lineage": "6847ac41-368e-4598-9206-79bb4f8d507b",
    "modules": [
        {
            "path": [
                "root"
            ],
            "outputs": {
                "Cloud-Boot-App-Output": {
                    "sensitive": false,
                    "type": "string",
                    "value": "Location dev is available at: dev-elb-cloud-boot-app-659500905.us-east-1.elb.amazonaws.com with APP ASG: dev-asg-cba and bastion ASG: dev-asg-bastion"
                }
            },
            "resources": {},
            "depends_on": []
        },
        {
            "path": [
                "root",
                "bastion"
            ],
            "outputs": {
                "autoscaling_group_name": {
                    "sensitive": false,
                    "type": "string",
                    "value": "dev-asg-bastion"
                },
                "aws_region": {
                    "sensitive": false,
                    "type": "string",
                    "value": "us-east-1"
                },
                "bastion_security_group_id": {
                    "sensitive": false,
                    "type": "string",
                    "value": "sg-039f002a235018a1f"
                }
            },
            "resources": {
                "aws_autoscaling_group.bastion": {
                    "type": "aws_autoscaling_group",
                    "depends_on": [
                        "aws_launch_configuration.bastion"
                    ],
                    "primary": {
                        "id": "dev-asg-bastion",
                        "attributes": {
                            "availability_zones.#": "0",
                            "desired_capacity": "2",
                            "force_delete": "false",
                            "health_check_grace_period": "300",
                            "health_check_type": "EC2",
                            "id": "dev-asg-bastion",
                            "launch_configuration": "terraform-004c6526682f44351c241bc11a",
                            "load_balancers.#": "0",
                            "max_size": "2",
                            "metrics_granularity": "1Minute",
                            "min_size": "2",
                            "name": "dev-asg-bastion",
                            "protect_from_scale_in": "false",
                            "tag.#": "2",
                            "tag.1507368684.key": "Environment",
                            "tag.1507368684.propagate_at_launch": "true",
                            "tag.1507368684.value": "dev-bastion",
                            "tag.2978411153.key": "Name",
                            "tag.2978411153.propagate_at_launch": "true",
                            "tag.2978411153.value": "dev-bastion-server",
                            "target_group_arns.#": "0",
                            "vpc_zone_identifier.#": "2",
                            "vpc_zone_identifier.3030568246": "subnet-0e60f31a52681c6db",
                            "vpc_zone_identifier.541152864": "subnet-0941e20dc9f1740b3",
                            "wait_for_capacity_timeout": "10m"
                        },
                        "meta": {},
                        "tainted": false
                    },
                    "deposed": [],
                    "provider": ""
                },
                "aws_launch_configuration.bastion": {
                    "type": "aws_launch_configuration",
                    "depends_on": [
                        "aws_security_group.bastion"
                    ],
                    "primary": {
                        "id": "terraform-004c6526682f44351c241bc11a",
                        "attributes": {
                            "associate_public_ip_address": "true",
                            "ebs_block_device.#": "0",
                            "ebs_optimized": "false",
                            "enable_monitoring": "true",
                            "ephemeral_block_device.#": "0",
                            "iam_instance_profile": "",
                            "id": "terraform-004c6526682f44351c241bc11a",
                            "image_id": "ami-2d39803a",
                            "instance_type": "t2.micro",
                            "key_name": "rb1whitney",
                            "name": "terraform-004c6526682f44351c241bc11a",
                            "root_block_device.#": "0",
                            "security_groups.#": "1",
                            "security_groups.1791555570": "sg-03e7d0f302cbab280",
                            "spot_price": "",
                            "vpc_classic_link_id": "",
                            "vpc_classic_link_security_groups.#": "0"
                        },
                        "meta": {},
                        "tainted": false
                    },
                    "deposed": [],
                    "provider": ""
                },
                "aws_security_group.allow_bastion": {
                    "type": "aws_security_group",
                    "depends_on": [
                        "aws_security_group.bastion"
                    ],
                    "primary": {
                        "id": "sg-039f002a235018a1f",
                        "attributes": {
                            "description": "Allow specific access from bastion host to other cloud resources",
                            "egress.#": "0",
                            "id": "sg-039f002a235018a1f",
                            "ingress.#": "1",
                            "ingress.3586850457.cidr_blocks.#": "0",
                            "ingress.3586850457.from_port": "22",
                            "ingress.3586850457.ipv6_cidr_blocks.#": "0",
                            "ingress.3586850457.protocol": "tcp",
                            "ingress.3586850457.security_groups.#": "1",
                            "ingress.3586850457.security_groups.1791555570": "sg-03e7d0f302cbab280",
                            "ingress.3586850457.self": "false",
                            "ingress.3586850457.to_port": "22",
                            "name": "dev-cba-bastion",
                            "owner_id": "953816982124",
                            "tags.%": "1",
                            "tags.Name": "allow_bastion",
                            "vpc_id": "vpc-026352c95472cfc68"
                        },
                        "meta": {},
                        "tainted": false
                    },
                    "deposed": [],
                    "provider": ""
                },
                "aws_security_group.bastion": {
                    "type": "aws_security_group",
                    "depends_on": [],
                    "primary": {
                        "id": "sg-03e7d0f302cbab280",
                        "attributes": {
                            "description": "Rules allows access to SSH",
                            "egress.#": "1",
                            "egress.133596849.cidr_blocks.#": "1",
                            "egress.133596849.cidr_blocks.0": "10.0.0.0/24",
                            "egress.133596849.from_port": "22",
                            "egress.133596849.ipv6_cidr_blocks.#": "0",
                            "egress.133596849.prefix_list_ids.#": "0",
                            "egress.133596849.protocol": "tcp",
                            "egress.133596849.security_groups.#": "0",
                            "egress.133596849.self": "false",
                            "egress.133596849.to_port": "22",
                            "id": "sg-03e7d0f302cbab280",
                            "ingress.#": "1",
                            "ingress.1036330209.cidr_blocks.#": "1",
                            "ingress.1036330209.cidr_blocks.0": "73.78.90.55/32",
                            "ingress.1036330209.from_port": "22",
                            "ingress.1036330209.ipv6_cidr_blocks.#": "0",
                            "ingress.1036330209.protocol": "tcp",
                            "ingress.1036330209.security_groups.#": "0",
                            "ingress.1036330209.self": "false",
                            "ingress.1036330209.to_port": "22",
                            "name": "dev-bastion",
                            "owner_id": "953816982124",
                            "tags.%": "1",
                            "tags.Name": "bastion",
                            "vpc_id": "vpc-026352c95472cfc68"
                        },
                        "meta": {},
                        "tainted": false
                    },
                    "deposed": [],
                    "provider": ""
                }
            },
            "depends_on": []
        },
        {
            "path": [
                "root",
                "cloud_boot_app"
            ],
            "outputs": {
                "autoscaling_group_name": {
                    "sensitive": false,
                    "type": "string",
                    "value": "dev-asg-cba"
                },
                "aws_region": {
                    "sensitive": false,
                    "type": "string",
                    "value": "us-east-1"
                },
                "elb_dns_name": {
                    "sensitive": false,
                    "type": "string",
                    "value": "dev-elb-cloud-boot-app-659500905.us-east-1.elb.amazonaws.com"
                }
            },
            "resources": {
                "aws_autoscaling_group.cba_app": {
                    "type": "aws_autoscaling_group",
                    "depends_on": [
                        "aws_elb.cba_elb",
                        "aws_launch_configuration.cba_app"
                    ],
                    "primary": {
                        "id": "dev-asg-cba",
                        "attributes": {
                            "arn": "arn:aws:autoscaling:us-east-1:953816982124:autoScalingGroup:670a6b80-66a2-41ce-b1b8-e7e4e8042d5e:autoScalingGroupName/dev-asg-cba",
                            "availability_zones.#": "2",
                            "availability_zones.1305112097": "us-east-1b",
                            "availability_zones.3569565595": "us-east-1a",
                            "default_cooldown": "300",
                            "desired_capacity": "1",
                            "force_delete": "false",
                            "health_check_grace_period": "300",
                            "health_check_type": "ELB",
                            "id": "dev-asg-cba",
                            "launch_configuration": "terraform-004c6526682f44351c241bc119",
                            "load_balancers.#": "1",
                            "load_balancers.1236833701": "dev-elb-cloud-boot-app",
                            "max_size": "1",
                            "metrics_granularity": "1Minute",
                            "min_size": "1",
                            "name": "dev-asg-cba",
                            "placement_group": "",
                            "protect_from_scale_in": "false",
                            "suspended_processes.#": "0",
                            "tag.#": "2",
                            "tag.2938470072.key": "Name",
                            "tag.2938470072.propagate_at_launch": "true",
                            "tag.2938470072.value": "dev-cba-server",
                            "tag.3701573541.key": "Environment",
                            "tag.3701573541.propagate_at_launch": "true",
                            "tag.3701573541.value": "dev-cba",
                            "target_group_arns.#": "0",
                            "termination_policies.#": "0",
                            "vpc_zone_identifier.#": "2",
                            "vpc_zone_identifier.3030568246": "subnet-0e60f31a52681c6db",
                            "vpc_zone_identifier.541152864": "subnet-0941e20dc9f1740b3",
                            "wait_for_capacity_timeout": "10m"
                        },
                        "meta": {},
                        "tainted": false
                    },
                    "deposed": [],
                    "provider": ""
                },
                "aws_elb.cba_elb": {
                    "type": "aws_elb",
                    "depends_on": [
                        "aws_security_group.cba_elb"
                    ],
                    "primary": {
                        "id": "dev-elb-cloud-boot-app",
                        "attributes": {
                            "access_logs.#": "0",
                            "availability_zones.#": "2",
                            "availability_zones.1305112097": "us-east-1b",
                            "availability_zones.3569565595": "us-east-1a",
                            "connection_draining": "false",
                            "connection_draining_timeout": "300",
                            "cross_zone_load_balancing": "true",
                            "dns_name": "dev-elb-cloud-boot-app-659500905.us-east-1.elb.amazonaws.com",
                            "health_check.#": "1",
                            "health_check.0.healthy_threshold": "2",
                            "health_check.0.interval": "30",
                            "health_check.0.target": "HTTP:8090/cloud-boot-app/version",
                            "health_check.0.timeout": "3",
                            "health_check.0.unhealthy_threshold": "2",
                            "id": "dev-elb-cloud-boot-app",
                            "idle_timeout": "60",
                            "instances.#": "0",
                            "internal": "false",
                            "listener.#": "1",
                            "listener.1845184304.instance_port": "8090",
                            "listener.1845184304.instance_protocol": "http",
                            "listener.1845184304.lb_port": "80",
                            "listener.1845184304.lb_protocol": "http",
                            "listener.1845184304.ssl_certificate_id": "",
                            "name": "dev-elb-cloud-boot-app",
                            "security_groups.#": "2",
                            "security_groups.3599457362": "sg-0b2afa6537b68cd63",
                            "security_groups.3852048382": "sg-039f002a235018a1f",
                            "source_security_group": "953816982124/dev-cba-bastion",
                            "source_security_group_id": "sg-039f002a235018a1f",
                            "subnets.#": "2",
                            "subnets.3030568246": "subnet-0e60f31a52681c6db",
                            "subnets.541152864": "subnet-0941e20dc9f1740b3",
                            "tags.%": "0",
                            "zone_id": "Z35SXDOTRQ7X7K"
                        },
                        "meta": {},
                        "tainted": false
                    },
                    "deposed": [],
                    "provider": ""
                },
                "aws_launch_configuration.cba_app": {
                    "type": "aws_launch_configuration",
                    "depends_on": [
                        "aws_security_group.cba_app",
                        "aws_security_group.cba_lb",
                        "data.template_file.cba_userdata"
                    ],
                    "primary": {
                        "id": "terraform-004c6526682f44351c241bc119",
                        "attributes": {
                            "associate_public_ip_address": "true",
                            "ebs_block_device.#": "0",
                            "ebs_optimized": "false",
                            "enable_monitoring": "true",
                            "ephemeral_block_device.#": "0",
                            "iam_instance_profile": "",
                            "id": "terraform-004c6526682f44351c241bc119",
                            "image_id": "ami-2d39803a",
                            "instance_type": "t2.micro",
                            "key_name": "rb1whitney",
                            "name": "terraform-004c6526682f44351c241bc119",
                            "root_block_device.#": "0",
                            "security_groups.#": "3",
                            "security_groups.1662508440": "sg-01464e3272c3e7bb6",
                            "security_groups.1828234227": "sg-0d20ffaed93d3da30",
                            "security_groups.3852048382": "sg-039f002a235018a1f",
                            "spot_price": "",
                            "user_data": "284cf40346fd9993b90f357949744b07048cf972",
                            "vpc_classic_link_id": "",
                            "vpc_classic_link_security_groups.#": "0"
                        },
                        "meta": {},
                        "tainted": false
                    },
                    "deposed": [],
                    "provider": ""
                },
                "aws_security_group.cba_app": {
                    "type": "aws_security_group",
                    "depends_on": [],
                    "primary": {
                        "id": "sg-0d20ffaed93d3da30",
                        "attributes": {
                            "description": "Ensures that we can communicate with cloud boot application from outside",
                            "egress.#": "1",
                            "egress.482069346.cidr_blocks.#": "1",
                            "egress.482069346.cidr_blocks.0": "0.0.0.0/0",
                            "egress.482069346.from_port": "0",
                            "egress.482069346.ipv6_cidr_blocks.#": "0",
                            "egress.482069346.prefix_list_ids.#": "0",
                            "egress.482069346.protocol": "-1",
                            "egress.482069346.security_groups.#": "0",
                            "egress.482069346.self": "false",
                            "egress.482069346.to_port": "0",
                            "id": "sg-0d20ffaed93d3da30",
                            "ingress.#": "2",
                            "ingress.2214732434.cidr_blocks.#": "1",
                            "ingress.2214732434.cidr_blocks.0": "0.0.0.0/0",
                            "ingress.2214732434.from_port": "8090",
                            "ingress.2214732434.ipv6_cidr_blocks.#": "0",
                            "ingress.2214732434.protocol": "tcp",
                            "ingress.2214732434.security_groups.#": "0",
                            "ingress.2214732434.self": "false",
                            "ingress.2214732434.to_port": "8090",
                            "ingress.2541437006.cidr_blocks.#": "1",
                            "ingress.2541437006.cidr_blocks.0": "0.0.0.0/0",
                            "ingress.2541437006.from_port": "22",
                            "ingress.2541437006.ipv6_cidr_blocks.#": "0",
                            "ingress.2541437006.protocol": "tcp",
                            "ingress.2541437006.security_groups.#": "0",
                            "ingress.2541437006.self": "false",
                            "ingress.2541437006.to_port": "22",
                            "name": "dev-cba-app",
                            "owner_id": "953816982124",
                            "tags.%": "1",
                            "tags.Name": "cba",
                            "vpc_id": "vpc-026352c95472cfc68"
                        },
                        "meta": {},
                        "tainted": false
                    },
                    "deposed": [],
                    "provider": ""
                },
                "aws_security_group.cba_elb": {
                    "type": "aws_security_group",
                    "depends_on": [],
                    "primary": {
                        "id": "sg-0b2afa6537b68cd63",
                        "attributes": {
                            "description": "Ensures we can communicate with load balancer port and return all traffic",
                            "egress.#": "1",
                            "egress.482069346.cidr_blocks.#": "1",
                            "egress.482069346.cidr_blocks.0": "0.0.0.0/0",
                            "egress.482069346.from_port": "0",
                            "egress.482069346.ipv6_cidr_blocks.#": "0",
                            "egress.482069346.prefix_list_ids.#": "0",
                            "egress.482069346.protocol": "-1",
                            "egress.482069346.security_groups.#": "0",
                            "egress.482069346.self": "false",
                            "egress.482069346.to_port": "0",
                            "id": "sg-0b2afa6537b68cd63",
                            "ingress.#": "1",
                            "ingress.2214680975.cidr_blocks.#": "1",
                            "ingress.2214680975.cidr_blocks.0": "0.0.0.0/0",
                            "ingress.2214680975.from_port": "80",
                            "ingress.2214680975.ipv6_cidr_blocks.#": "0",
                            "ingress.2214680975.protocol": "tcp",
                            "ingress.2214680975.security_groups.#": "0",
                            "ingress.2214680975.self": "false",
                            "ingress.2214680975.to_port": "80",
                            "name": "dev-cloud-boot-app-elb",
                            "owner_id": "953816982124",
                            "tags.%": "1",
                            "tags.Name": "load_balancer_cba",
                            "vpc_id": "vpc-026352c95472cfc68"
                        },
                        "meta": {},
                        "tainted": false
                    },
                    "deposed": [],
                    "provider": ""
                },
                "aws_security_group.cba_lb": {
                    "type": "aws_security_group",
                    "depends_on": [],
                    "primary": {
                        "id": "sg-01464e3272c3e7bb6",
                        "attributes": {
                            "description": "Ensures Elastic Load Balancer can load balancer application servers",
                            "egress.#": "0",
                            "id": "sg-01464e3272c3e7bb6",
                            "ingress.#": "1",
                            "ingress.2214680975.cidr_blocks.#": "1",
                            "ingress.2214680975.cidr_blocks.0": "0.0.0.0/0",
                            "ingress.2214680975.from_port": "80",
                            "ingress.2214680975.ipv6_cidr_blocks.#": "0",
                            "ingress.2214680975.protocol": "tcp",
                            "ingress.2214680975.security_groups.#": "0",
                            "ingress.2214680975.self": "false",
                            "ingress.2214680975.to_port": "80",
                            "name": "dev-sg-cba-lb",
                            "owner_id": "953816982124",
                            "tags.%": "1",
                            "tags.Name": "load_balancer",
                            "vpc_id": "vpc-026352c95472cfc68"
                        },
                        "meta": {},
                        "tainted": false
                    },
                    "deposed": [],
                    "provider": ""
                },
                "data.template_file.cba_userdata": {
                    "type": "template_file",
                    "depends_on": [],
                    "primary": {
                        "id": "3c60196bdc487338388de3ad51c8b0d2c5baa43ccc62cfa446fa6adb3d1855ee",
                        "attributes": {
                            "id": "3c60196bdc487338388de3ad51c8b0d2c5baa43ccc62cfa446fa6adb3d1855ee",
                            "rendered": "#cloud-config\npackage_upgrade: true\n\npackages:\n - docker.io\n\nruncmd:\n - service docker start\n - docker pull rb1whitney/cloud-boot-app\n - docker run -p 8090:8090 -e \"CBA_ENVIRONMENT=dev\" -d rb1whitney/cloud-boot-app",
                            "template": "#cloud-config\npackage_upgrade: true\n\npackages:\n - docker.io\n\nruncmd:\n - service docker start\n - docker pull rb1whitney/cloud-boot-app\n - docker run -p ${cba_port_ri}:${cba_port_ri} -e \"CBA_ENVIRONMENT=${env_prefix_ri}\" -d rb1whitney/cloud-boot-app",
                            "vars.%": "2",
                            "vars.cba_port_ri": "8090",
                            "vars.env_prefix_ri": "dev"
                        },
                        "meta": {},
                        "tainted": false
                    },
                    "deposed": [],
                    "provider": ""
                }
            },
            "depends_on": []
        },
        {
            "path": [
                "root",
                "cloud_domain"
            ],
            "outputs": {
                "public_subnets": {
                    "sensitive": false,
                    "type": "list",
                    "value": [
                        "subnet-0941e20dc9f1740b3",
                        "subnet-0e60f31a52681c6db"
                    ]
                },
                "vpc_id": {
                    "sensitive": false,
                    "type": "string",
                    "value": "vpc-026352c95472cfc68"
                }
            },
            "resources": {
                "aws_internet_gateway.ig_cba": {
                    "type": "aws_internet_gateway",
                    "depends_on": [
                        "aws_vpc.vpc_cba"
                    ],
                    "primary": {
                        "id": "igw-0e38b6a987df1e749",
                        "attributes": {
                            "id": "igw-0e38b6a987df1e749",
                            "tags.%": "2",
                            "tags.description": "Creates internet gateway for cloud boot app location dev",
                            "tags.name": "dev-cba-internet-gateway",
                            "vpc_id": "vpc-026352c95472cfc68"
                        },
                        "meta": {},
                        "tainted": false
                    },
                    "deposed": [],
                    "provider": ""
                },
                "aws_route_table.public_cba.0": {
                    "type": "aws_route_table",
                    "depends_on": [
                        "aws_internet_gateway.ig_cba",
                        "aws_vpc.vpc_cba"
                    ],
                    "primary": {
                        "id": "rtb-0c99a0a8dfb53c745",
                        "attributes": {
                            "id": "rtb-0c99a0a8dfb53c745",
                            "propagating_vgws.#": "0",
                            "route.#": "1",
                            "route.3647603612.cidr_block": "0.0.0.0/0",
                            "route.3647603612.egress_only_gateway_id": "",
                            "route.3647603612.gateway_id": "igw-0e38b6a987df1e749",
                            "route.3647603612.instance_id": "",
                            "route.3647603612.ipv6_cidr_block": "",
                            "route.3647603612.nat_gateway_id": "",
                            "route.3647603612.network_interface_id": "",
                            "route.3647603612.vpc_peering_connection_id": "",
                            "tags.%": "2",
                            "tags.description": "Ensures traffic goes through internet gateway from public subnet",
                            "tags.name": "dev-cba-public-route-table",
                            "vpc_id": "vpc-026352c95472cfc68"
                        },
                        "meta": {},
                        "tainted": false
                    },
                    "deposed": [],
                    "provider": ""
                },
                "aws_route_table.public_cba.1": {
                    "type": "aws_route_table",
                    "depends_on": [
                        "aws_internet_gateway.ig_cba",
                        "aws_vpc.vpc_cba"
                    ],
                    "primary": {
                        "id": "rtb-07ee502f7093b612a",
                        "attributes": {
                            "id": "rtb-07ee502f7093b612a",
                            "propagating_vgws.#": "0",
                            "route.#": "1",
                            "route.3647603612.cidr_block": "0.0.0.0/0",
                            "route.3647603612.egress_only_gateway_id": "",
                            "route.3647603612.gateway_id": "igw-0e38b6a987df1e749",
                            "route.3647603612.instance_id": "",
                            "route.3647603612.ipv6_cidr_block": "",
                            "route.3647603612.nat_gateway_id": "",
                            "route.3647603612.network_interface_id": "",
                            "route.3647603612.vpc_peering_connection_id": "",
                            "tags.%": "2",
                            "tags.description": "Ensures traffic goes through internet gateway from public subnet",
                            "tags.name": "dev-cba-public-route-table",
                            "vpc_id": "vpc-026352c95472cfc68"
                        },
                        "meta": {},
                        "tainted": false
                    },
                    "deposed": [],
                    "provider": ""
                },
                "aws_route_table_association.public_cba.0": {
                    "type": "aws_route_table_association",
                    "depends_on": [
                        "aws_route_table.public_cba.*",
                        "aws_subnet.public_cba.*"
                    ],
                    "primary": {
                        "id": "rtbassoc-0442a1936d4183c3b",
                        "attributes": {
                            "id": "rtbassoc-0442a1936d4183c3b",
                            "route_table_id": "rtb-0c99a0a8dfb53c745",
                            "subnet_id": "subnet-0941e20dc9f1740b3"
                        },
                        "meta": {},
                        "tainted": false
                    },
                    "deposed": [],
                    "provider": ""
                },
                "aws_route_table_association.public_cba.1": {
                    "type": "aws_route_table_association",
                    "depends_on": [
                        "aws_route_table.public_cba.*",
                        "aws_subnet.public_cba.*"
                    ],
                    "primary": {
                        "id": "rtbassoc-0a2d7251936945a2e",
                        "attributes": {
                            "id": "rtbassoc-0a2d7251936945a2e",
                            "route_table_id": "rtb-07ee502f7093b612a",
                            "subnet_id": "subnet-0e60f31a52681c6db"
                        },
                        "meta": {},
                        "tainted": false
                    },
                    "deposed": [],
                    "provider": ""
                },
                "aws_subnet.public_cba.0": {
                    "type": "aws_subnet",
                    "depends_on": [
                        "aws_vpc.vpc_cba"
                    ],
                    "primary": {
                        "id": "subnet-0941e20dc9f1740b3",
                        "attributes": {
                            "assign_ipv6_address_on_creation": "false",
                            "availability_zone": "us-east-1a",
                            "cidr_block": "10.0.0.0/27",
                            "id": "subnet-0941e20dc9f1740b3",
                            "map_public_ip_on_launch": "false",
                            "tags.%": "0",
                            "vpc_id": "vpc-026352c95472cfc68"
                        },
                        "meta": {
                            "schema_version": "1"
                        },
                        "tainted": false
                    },
                    "deposed": [],
                    "provider": ""
                },
                "aws_subnet.public_cba.1": {
                    "type": "aws_subnet",
                    "depends_on": [
                        "aws_vpc.vpc_cba"
                    ],
                    "primary": {
                        "id": "subnet-0e60f31a52681c6db",
                        "attributes": {
                            "assign_ipv6_address_on_creation": "false",
                            "availability_zone": "us-east-1b",
                            "cidr_block": "10.0.0.32/27",
                            "id": "subnet-0e60f31a52681c6db",
                            "map_public_ip_on_launch": "false",
                            "tags.%": "0",
                            "vpc_id": "vpc-026352c95472cfc68"
                        },
                        "meta": {
                            "schema_version": "1"
                        },
                        "tainted": false
                    },
                    "deposed": [],
                    "provider": ""
                },
                "aws_vpc.vpc_cba": {
                    "type": "aws_vpc",
                    "depends_on": [],
                    "primary": {
                        "id": "vpc-026352c95472cfc68",
                        "attributes": {
                            "assign_generated_ipv6_cidr_block": "false",
                            "cidr_block": "10.0.0.0/16",
                            "default_network_acl_id": "acl-0eeb36023892063bf",
                            "default_route_table_id": "rtb-0cb1381a2664a86de",
                            "default_security_group_id": "sg-0ca8f7ae76db49c46",
                            "dhcp_options_id": "dopt-1510056e",
                            "enable_classiclink": "false",
                            "enable_dns_hostnames": "false",
                            "enable_dns_support": "true",
                            "id": "vpc-026352c95472cfc68",
                            "instance_tenancy": "default",
                            "main_route_table_id": "rtb-0cb1381a2664a86de",
                            "tags.%": "2",
                            "tags.description": "VPC for cloud boot app location dev",
                            "tags.name": "dev-cba-vpc"
                        },
                        "meta": {
                            "schema_version": "1"
                        },
                        "tainted": false
                    },
                    "deposed": [],
                    "provider": ""
                }
            },
            "depends_on": []
        }
    ]
}
